github.com/opencontainers/go-digest v1.0.1-0.20231212064514-429d0316a3dd h1:1eUI+UdlDplp9EyVWF3a3xjWQoqrczveJiD18jKwcb0=
github.com/opencontainers/go-digest v1.0.1-0.20231212064514-429d0316a3dd/go.mod h1:RqnyioA3pIEZMkSbOIcrw32YSgETfn/VrLuEikEdPNU=
github.com/opencontainers/image-spec v1.1.0 h1:8SG7/vwALn54lVB/0yZ/MMwhFrPYtpEHQb2IpWsCzug=
github.com/opencontainers/image-spec v1.1.0/go.mod h1:W4s4sFTMaBeK1BQLXbG4AdM2szdn85PY75RI83NrTrM=
github.com/opencontainers/runtime-spec v1.2.0 h1:z97+pHb3uELt/yiAWD691HNHQIF07bE7dzrbT927iTk=
github.com/opencontainers/runtime-spec v1.2.0/go.mod h1:jwyrGlmzljRJv/Fgzds9SsS/C5hL+LL3ko9hs6T5lQ0=
